# THIS IS AN AUTOGENERATED FILE. DO NOT EDIT THIS FILE DIRECTLY.
# yarn lockfile v1


"calendar@github:pithyone/calendar.js":
  version "1.0.0"
  resolved "https://codeload.github.com/pithyone/calendar.js/tar.gz/a4277590864546525b0abaf36d3e9df1932bf405"

miniprogram-datepicker@^0.3.0:
  version "0.3.0"
  resolved "https://registry.yarnpkg.com/miniprogram-datepicker/-/miniprogram-datepicker-0.3.0.tgz#852180ee159e1508ec6db53d2cbf5cca48940baa"
  integrity sha512-G2JgKIDn/W2E43yx9u0v3tNteK54FZTvqhLFmU75+i8X119p0aOhgd0meTyqZrJ3r20JBR6ZVoyIIuWD0wJjXw==
  dependencies:
    calendar "github:pithyone/calendar.js"
